{
  "name": "scraper",
  "version": "1.0.0",
  "lockfileVersion": 1,
  "requires": true,
  "dependencies": {
    "typescript": {
      "version": "2.7.0-dev.20171209",
      "resolved": "http://localhost:4873/typescript/-/typescript-2.7.0-dev.20171209.tgz",
      "integrity": "sha512-4ETBmIehQBmJOVwb/awg+EHMjpq3esymYD+tKRvxHv3cW+1s9+t8kdozn3/Fk50vAH13YtOHxuOcvU7OXrdG5Q==",
      "dev": true
    }
  }
}
